# This file is autogenerated, do not edit; changes may be undone by the next 'dep ensure'.


[[projects]]
  name = "github.com/davecgh/go-spew"
  packages = ["spew"]
  revision = "346938d642f2ec3594ed81d874461961cd0faa76"
  version = "v1.1.0"

[[projects]]
  branch = "master"
  name = "github.com/lestrrat/go-jspointer"
  packages = ["."]
  revision = "d5f7c71bfd03c8e9489a636874cd106c22d3a47c"

[[projects]]
  branch = "master"
  name = "github.com/lestrrat/go-jsref"
  packages = [
    ".",
    "provider"
  ]
  revision = "50df7b2d07d799426a9ac43fa24bdb4785f72a54"

[[projects]]
  branch = "master"
  name = "github.com/lestrrat/go-jsschema"
  packages = ["."]
  revision = "a6a42341b50d8d7e2a733db922eefaa756321021"

[[projects]]
  branch = "master"
  name = "github.com/lestrrat/go-pdebug"
  packages = ["."]
  revision = "2e6eaaa5717f81bda41d27070d3c966f40a1e75f"

[[projects]]
  branch = "master"
  name = "github.com/lestrrat/go-structinfo"
  packages = ["."]
  revision = "f74c056fe41f860aa6264478c664a6fff8a64298"

[[projects]]
  name = "github.com/pborman/uuid"
  packages = ["."]
  revision = "e790cca94e6cc75c7064b1332e63811d4aae1a53"
  version = "v1.1"

[[projects]]
  name = "github.com/pkg/errors"
  packages = ["."]
  revision = "645ef00459ed84a119197bfb8d8205042c6df63d"
  version = "v0.8.0"

[solve-meta]
  analyzer-name = "dep"
  analyzer-version = 1
  inputs-digest = "57442307c4a9fbf1f3951103ada730bf90084fbef743d69c317d96764013e213"
  solver-name = "gps-cdcl"
  solver-version = 1
